
Microsoft Visual Studio Solution File, Format Version 12.00
# Visual Studio Version 16
VisualStudioVersion = 16.0.31112.23
MinimumVisualStudioVersion = 10.0.40219.1
Project("{FAE04EC0-301F-11D3-BF4B-00C04F79EFBC}") = "HelloWPF", "HelloWPF\HelloWPF.csproj", "{FF17320E-674C-41CC-9187-417E64D95DD3}"
EndProject
Global
	GlobalSection(SolutionConfigurationPlatforms) = preSolution
		Debug|Any CPU = Debug|Any CPU
		Release|Any CPU = Release|Any CPU
	EndGlobalSection
	GlobalSection(ProjectConfigurationPlatforms) = postSolution
		{FF17320E-674C-41CC-9187-417E64D95DD3}.Debug|Any CPU.ActiveCfg = Debug|Any CPU
		{FF17320E-674C-41CC-9187-417E64D95DD3}.Debug|Any CPU.Build.0 = Debug|Any CPU
		{FF17320E-674C-41CC-9187-417E64D95DD3}.Release|Any CPU.ActiveCfg = Release|Any CPU
		{FF17320E-674C-41CC-9187-417E64D95DD3}.Release|Any CPU.Build.0 = Release|Any CPU
	EndGlobalSection
	GlobalSection(SolutionProperties) = preSolution
		HideSolutionNode = FALSE
	EndGlobalSection
	GlobalSection(ExtensibilityGlobals) = postSolution
		SolutionGuid = {7886C970-257C-4A2C-A2BE-DB342897B290}
	EndGlobalSection
EndGlobal
